// !$*UTF8*$!
{
	archiveVersion = 1;
	classes = {
	};
	objectVersion = 56;
	objects = {

/* Begin PBXBuildFile section */
		2BEEEA700D4BD83A7BC3B4AC /* SentryBootstrap.swift in Sources */ = {isa = PBXBuildFile; fileRef = 0E370494CA197F7BB4EC23B8 /* SentryBootstrap.swift */; };
		43F0B733611ED215547FF625 /* PrivacyInfo.xcprivacy in Resources */ = {isa = PBXBuildFile; fileRef = 79E6AEB1894B29710437596F /* PrivacyInfo.xcprivacy */; };
		A10001 /* ColorArchiveApp.swift in Sources */ = {isa = PBXBuildFile; fileRef = B10001 /* ColorArchiveApp.swift */; };
		A10002 /* ContentView.swift in Sources */ = {isa = PBXBuildFile; fileRef = B10002 /* ContentView.swift */; };
		A10003 /* Assets.xcassets in Resources */ = {isa = PBXBuildFile; fileRef = B10003 /* Assets.xcassets */; };
		A10004 /* ColorRecord.swift in Sources */ = {isa = PBXBuildFile; fileRef = B10004 /* ColorRecord.swift */; };
		A10005 /* ColorGenerator.swift in Sources */ = {isa = PBXBuildFile; fileRef = B10005 /* ColorGenerator.swift */; };
		A10006 /* ColorConvert.swift in Sources */ = {isa = PBXBuildFile; fileRef = B10006 /* ColorConvert.swift */; };
		A10007 /* ColorFamily.swift in Sources */ = {isa = PBXBuildFile; fileRef = B10007 /* ColorFamily.swift */; };
		A10008 /* ColorBrowseView.swift in Sources */ = {isa = PBXBuildFile; fileRef = B10008 /* ColorBrowseView.swift */; };
		A10009 /* ColorDetailView.swift in Sources */ = {isa = PBXBuildFile; fileRef = B10009 /* ColorDetailView.swift */; };
		A10010 /* ColorSearchView.swift in Sources */ = {isa = PBXBuildFile; fileRef = B10010 /* ColorSearchView.swift */; };
		A10011 /* FavoritesView.swift in Sources */ = {isa = PBXBuildFile; fileRef = B10011 /* FavoritesView.swift */; };
		A10012 /* ColorCardView.swift in Sources */ = {isa = PBXBuildFile; fileRef = B10012 /* ColorCardView.swift */; };
		A10013 /* ColorStore.swift in Sources */ = {isa = PBXBuildFile; fileRef = B10013 /* ColorStore.swift */; };
		A10014 /* FavoritesStore.swift in Sources */ = {isa = PBXBuildFile; fileRef = B10014 /* FavoritesStore.swift */; };
		A10015 /* APIService.swift in Sources */ = {isa = PBXBuildFile; fileRef = B10015 /* APIService.swift */; };
		A10017 /* ColorRelationships.swift in Sources */ = {isa = PBXBuildFile; fileRef = B10017 /* ColorRelationships.swift */; };
		A10018 /* ColorContrast.swift in Sources */ = {isa = PBXBuildFile; fileRef = B10018 /* ColorContrast.swift */; };
		A10019 /* ColorBlindSim.swift in Sources */ = {isa = PBXBuildFile; fileRef = B10019 /* ColorBlindSim.swift */; };
		A10020 /* ColorMixer.swift in Sources */ = {isa = PBXBuildFile; fileRef = B10020 /* ColorMixer.swift */; };
		A10021 /* SemanticSearch.swift in Sources */ = {isa = PBXBuildFile; fileRef = B10021 /* SemanticSearch.swift */; };
		A10022 /* ColorOfDay.swift in Sources */ = {isa = PBXBuildFile; fileRef = B10022 /* ColorOfDay.swift */; };
		A10023 /* ToolsHomeView.swift in Sources */ = {isa = PBXBuildFile; fileRef = B10023 /* ToolsHomeView.swift */; };
		A10024 /* HarmoniesView.swift in Sources */ = {isa = PBXBuildFile; fileRef = B10024 /* HarmoniesView.swift */; };
		A10025 /* ContrastCheckerView.swift in Sources */ = {isa = PBXBuildFile; fileRef = B10025 /* ContrastCheckerView.swift */; };
		A10026 /* ColorBlindSimView.swift in Sources */ = {isa = PBXBuildFile; fileRef = B10026 /* ColorBlindSimView.swift */; };
		A10027 /* TintsShadesView.swift in Sources */ = {isa = PBXBuildFile; fileRef = B10027 /* TintsShadesView.swift */; };
		A10028 /* ConverterView.swift in Sources */ = {isa = PBXBuildFile; fileRef = B10028 /* ConverterView.swift */; };
		A10029 /* MixerView.swift in Sources */ = {isa = PBXBuildFile; fileRef = B10029 /* MixerView.swift */; };
		A10030 /* GradientBuilderView.swift in Sources */ = {isa = PBXBuildFile; fileRef = B10030 /* GradientBuilderView.swift */; };
		A10031 /* ProfileView.swift in Sources */ = {isa = PBXBuildFile; fileRef = B10031 /* ProfileView.swift */; };
		A10032 /* SettingsView.swift in Sources */ = {isa = PBXBuildFile; fileRef = B10032 /* SettingsView.swift */; };
		A10033 /* ShareSheet.swift in Sources */ = {isa = PBXBuildFile; fileRef = B10033 /* ShareSheet.swift */; };
		A10034 /* SpotlightIndexer.swift in Sources */ = {isa = PBXBuildFile; fileRef = B10034 /* SpotlightIndexer.swift */; };
		A10035 /* LoginView.swift in Sources */ = {isa = PBXBuildFile; fileRef = B10035 /* LoginView.swift */; };
		A10036 /* Palette.swift in Sources */ = {isa = PBXBuildFile; fileRef = B10036 /* Palette.swift */; };
		A10037 /* ExportFormats.swift in Sources */ = {isa = PBXBuildFile; fileRef = B10037 /* ExportFormats.swift */; };
		A10038 /* PaletteBuilderView.swift in Sources */ = {isa = PBXBuildFile; fileRef = B10038 /* PaletteBuilderView.swift */; };
		A10039 /* ImagePaletteView.swift in Sources */ = {isa = PBXBuildFile; fileRef = B10039 /* ImagePaletteView.swift */; };
		A10040 /* AIMoodPaletteView.swift in Sources */ = {isa = PBXBuildFile; fileRef = B10040 /* AIMoodPaletteView.swift */; };
		A10041 /* RecentColorsStore.swift in Sources */ = {isa = PBXBuildFile; fileRef = B10041 /* RecentColorsStore.swift */; };
		A10042 /* ColorCollection.swift in Sources */ = {isa = PBXBuildFile; fileRef = B10042 /* ColorCollection.swift */; };
		A10043 /* Collections.swift in Sources */ = {isa = PBXBuildFile; fileRef = B10043 /* Collections.swift */; };
		A10044 /* CollectionsView.swift in Sources */ = {isa = PBXBuildFile; fileRef = B10044 /* CollectionsView.swift */; };
		A10045 /* AuthStore.swift in Sources */ = {isa = PBXBuildFile; fileRef = B10045 /* AuthStore.swift */; };
		A10046 /* StoreManager.swift in Sources */ = {isa = PBXBuildFile; fileRef = B10046 /* StoreManager.swift */; };
		A10047 /* ProAccessManager.swift in Sources */ = {isa = PBXBuildFile; fileRef = B10047 /* ProAccessManager.swift */; };
		A10048 /* ProPaywallView.swift in Sources */ = {isa = PBXBuildFile; fileRef = B10048 /* ProPaywallView.swift */; };
		A10049 /* ProGateView.swift in Sources */ = {isa = PBXBuildFile; fileRef = B10049 /* ProGateView.swift */; };
		A10050 /* Products.storekit in Resources */ = {isa = PBXBuildFile; fileRef = B10050 /* Products.storekit */; };
		A201ADC8916EEE0D4EF70E81 /* Sentry in Frameworks */ = {isa = PBXBuildFile; productRef = 4EAA6BC8EB85035E8D6932C7 /* Sentry */; };
		A10061 /* AnalyticsBootstrap.swift in Sources */ = {isa = PBXBuildFile; fileRef = B10061 /* AnalyticsBootstrap.swift */; };
		A10062 /* PostHog in Frameworks */ = {isa = PBXBuildFile; productRef = H10001 /* PostHog */; };
/* End PBXBuildFile section */

/* Begin PBXFileReference section */
		0E370494CA197F7BB4EC23B8 /* SentryBootstrap.swift */ = {isa = PBXFileReference; includeInIndex = 1; lastKnownFileType = sourcecode.swift; path = SentryBootstrap.swift; sourceTree = "<group>"; };
		B10061 /* AnalyticsBootstrap.swift */ = {isa = PBXFileReference; includeInIndex = 1; lastKnownFileType = sourcecode.swift; path = AnalyticsBootstrap.swift; sourceTree = "<group>"; };
		79E6AEB1894B29710437596F /* PrivacyInfo.xcprivacy */ = {isa = PBXFileReference; includeInIndex = 1; path = PrivacyInfo.xcprivacy; sourceTree = "<group>"; };
		B10001 /* ColorArchiveApp.swift */ = {isa = PBXFileReference; lastKnownFileType = sourcecode.swift; path = ColorArchiveApp.swift; sourceTree = "<group>"; };
		B10002 /* ContentView.swift */ = {isa = PBXFileReference; lastKnownFileType = sourcecode.swift; path = ContentView.swift; sourceTree = "<group>"; };
		B10003 /* Assets.xcassets */ = {isa = PBXFileReference; lastKnownFileType = folder.assetcatalog; path = Assets.xcassets; sourceTree = "<group>"; };
		B10004 /* ColorRecord.swift */ = {isa = PBXFileReference; lastKnownFileType = sourcecode.swift; path = ColorRecord.swift; sourceTree = "<group>"; };
		B10005 /* ColorGenerator.swift */ = {isa = PBXFileReference; lastKnownFileType = sourcecode.swift; path = ColorGenerator.swift; sourceTree = "<group>"; };
		B10006 /* ColorConvert.swift */ = {isa = PBXFileReference; lastKnownFileType = sourcecode.swift; path = ColorConvert.swift; sourceTree = "<group>"; };
		B10007 /* ColorFamily.swift */ = {isa = PBXFileReference; lastKnownFileType = sourcecode.swift; path = ColorFamily.swift; sourceTree = "<group>"; };
		B10008 /* ColorBrowseView.swift */ = {isa = PBXFileReference; lastKnownFileType = sourcecode.swift; path = ColorBrowseView.swift; sourceTree = "<group>"; };
		B10009 /* ColorDetailView.swift */ = {isa = PBXFileReference; lastKnownFileType = sourcecode.swift; path = ColorDetailView.swift; sourceTree = "<group>"; };
		B10010 /* ColorSearchView.swift */ = {isa = PBXFileReference; lastKnownFileType = sourcecode.swift; path = ColorSearchView.swift; sourceTree = "<group>"; };
		B10011 /* FavoritesView.swift */ = {isa = PBXFileReference; lastKnownFileType = sourcecode.swift; path = FavoritesView.swift; sourceTree = "<group>"; };
		B10012 /* ColorCardView.swift */ = {isa = PBXFileReference; lastKnownFileType = sourcecode.swift; path = ColorCardView.swift; sourceTree = "<group>"; };
		B10013 /* ColorStore.swift */ = {isa = PBXFileReference; lastKnownFileType = sourcecode.swift; path = ColorStore.swift; sourceTree = "<group>"; };
		B10014 /* FavoritesStore.swift */ = {isa = PBXFileReference; lastKnownFileType = sourcecode.swift; path = FavoritesStore.swift; sourceTree = "<group>"; };
		B10015 /* APIService.swift */ = {isa = PBXFileReference; lastKnownFileType = sourcecode.swift; path = APIService.swift; sourceTree = "<group>"; };
		B10017 /* ColorRelationships.swift */ = {isa = PBXFileReference; lastKnownFileType = sourcecode.swift; path = ColorRelationships.swift; sourceTree = "<group>"; };
		B10018 /* ColorContrast.swift */ = {isa = PBXFileReference; lastKnownFileType = sourcecode.swift; path = ColorContrast.swift; sourceTree = "<group>"; };
		B10019 /* ColorBlindSim.swift */ = {isa = PBXFileReference; lastKnownFileType = sourcecode.swift; path = ColorBlindSim.swift; sourceTree = "<group>"; };
		B10020 /* ColorMixer.swift */ = {isa = PBXFileReference; lastKnownFileType = sourcecode.swift; path = ColorMixer.swift; sourceTree = "<group>"; };
		B10021 /* SemanticSearch.swift */ = {isa = PBXFileReference; lastKnownFileType = sourcecode.swift; path = SemanticSearch.swift; sourceTree = "<group>"; };
		B10022 /* ColorOfDay.swift */ = {isa = PBXFileReference; lastKnownFileType = sourcecode.swift; path = ColorOfDay.swift; sourceTree = "<group>"; };
		B10023 /* ToolsHomeView.swift */ = {isa = PBXFileReference; lastKnownFileType = sourcecode.swift; path = ToolsHomeView.swift; sourceTree = "<group>"; };
		B10024 /* HarmoniesView.swift */ = {isa = PBXFileReference; lastKnownFileType = sourcecode.swift; path = HarmoniesView.swift; sourceTree = "<group>"; };
		B10025 /* ContrastCheckerView.swift */ = {isa = PBXFileReference; lastKnownFileType = sourcecode.swift; path = ContrastCheckerView.swift; sourceTree = "<group>"; };
		B10026 /* ColorBlindSimView.swift */ = {isa = PBXFileReference; lastKnownFileType = sourcecode.swift; path = ColorBlindSimView.swift; sourceTree = "<group>"; };
		B10027 /* TintsShadesView.swift */ = {isa = PBXFileReference; lastKnownFileType = sourcecode.swift; path = TintsShadesView.swift; sourceTree = "<group>"; };
		B10028 /* ConverterView.swift */ = {isa = PBXFileReference; lastKnownFileType = sourcecode.swift; path = ConverterView.swift; sourceTree = "<group>"; };
		B10029 /* MixerView.swift */ = {isa = PBXFileReference; lastKnownFileType = sourcecode.swift; path = MixerView.swift; sourceTree = "<group>"; };
		B10030 /* GradientBuilderView.swift */ = {isa = PBXFileReference; lastKnownFileType = sourcecode.swift; path = GradientBuilderView.swift; sourceTree = "<group>"; };
		B10031 /* ProfileView.swift */ = {isa = PBXFileReference; lastKnownFileType = sourcecode.swift; path = ProfileView.swift; sourceTree = "<group>"; };
		B10032 /* SettingsView.swift */ = {isa = PBXFileReference; lastKnownFileType = sourcecode.swift; path = SettingsView.swift; sourceTree = "<group>"; };
		B10033 /* ShareSheet.swift */ = {isa = PBXFileReference; lastKnownFileType = sourcecode.swift; path = ShareSheet.swift; sourceTree = "<group>"; };
		B10034 /* SpotlightIndexer.swift */ = {isa = PBXFileReference; lastKnownFileType = sourcecode.swift; path = SpotlightIndexer.swift; sourceTree = "<group>"; };
		B10035 /* LoginView.swift */ = {isa = PBXFileReference; lastKnownFileType = sourcecode.swift; path = LoginView.swift; sourceTree = "<group>"; };
		B10036 /* Palette.swift */ = {isa = PBXFileReference; lastKnownFileType = sourcecode.swift; path = Palette.swift; sourceTree = "<group>"; };
		B10037 /* ExportFormats.swift */ = {isa = PBXFileReference; lastKnownFileType = sourcecode.swift; path = ExportFormats.swift; sourceTree = "<group>"; };
		B10038 /* PaletteBuilderView.swift */ = {isa = PBXFileReference; lastKnownFileType = sourcecode.swift; path = PaletteBuilderView.swift; sourceTree = "<group>"; };
		B10039 /* ImagePaletteView.swift */ = {isa = PBXFileReference; lastKnownFileType = sourcecode.swift; path = ImagePaletteView.swift; sourceTree = "<group>"; };
		B10040 /* AIMoodPaletteView.swift */ = {isa = PBXFileReference; lastKnownFileType = sourcecode.swift; path = AIMoodPaletteView.swift; sourceTree = "<group>"; };
		B10041 /* RecentColorsStore.swift */ = {isa = PBXFileReference; lastKnownFileType = sourcecode.swift; path = RecentColorsStore.swift; sourceTree = "<group>"; };
		B10042 /* ColorCollection.swift */ = {isa = PBXFileReference; lastKnownFileType = sourcecode.swift; path = ColorCollection.swift; sourceTree = "<group>"; };
		B10043 /* Collections.swift */ = {isa = PBXFileReference; lastKnownFileType = sourcecode.swift; path = Collections.swift; sourceTree = "<group>"; };
		B10044 /* CollectionsView.swift */ = {isa = PBXFileReference; lastKnownFileType = sourcecode.swift; path = CollectionsView.swift; sourceTree = "<group>"; };
		B10045 /* AuthStore.swift */ = {isa = PBXFileReference; lastKnownFileType = sourcecode.swift; path = AuthStore.swift; sourceTree = "<group>"; };
		B10046 /* StoreManager.swift */ = {isa = PBXFileReference; lastKnownFileType = sourcecode.swift; path = StoreManager.swift; sourceTree = "<group>"; };
		B10047 /* ProAccessManager.swift */ = {isa = PBXFileReference; lastKnownFileType = sourcecode.swift; path = ProAccessManager.swift; sourceTree = "<group>"; };
		B10048 /* ProPaywallView.swift */ = {isa = PBXFileReference; lastKnownFileType = sourcecode.swift; path = ProPaywallView.swift; sourceTree = "<group>"; };
		B10049 /* ProGateView.swift */ = {isa = PBXFileReference; lastKnownFileType = sourcecode.swift; path = ProGateView.swift; sourceTree = "<group>"; };
		B10050 /* Products.storekit */ = {isa = PBXFileReference; lastKnownFileType = text; path = Products.storekit; sourceTree = "<group>"; };
		B10051 /* ColorArchive.entitlements */ = {isa = PBXFileReference; lastKnownFileType = text.plist.entitlements; path = ColorArchive.entitlements; sourceTree = "<group>"; };
		C10001 /* ColorArchive.app */ = {isa = PBXFileReference; explicitFileType = wrapper.application; includeInIndex = 0; path = ColorArchive.app; sourceTree = BUILT_PRODUCTS_DIR; };
/* End PBXFileReference section */

/* Begin PBXFrameworksBuildPhase section */
		D10001 /* Frameworks */ = {
			isa = PBXFrameworksBuildPhase;
			buildActionMask = 2147483647;
			files = (
				A201ADC8916EEE0D4EF70E81 /* Sentry in Frameworks */,
				A10062 /* PostHog in Frameworks */,
			);
			runOnlyForDeploymentPostprocessing = 0;
		};
/* End PBXFrameworksBuildPhase section */

/* Begin PBXGroup section */
		E10001 = {
			isa = PBXGroup;
			children = (
				E10002 /* ColorArchive */,
				E10009 /* Products */,
			);
			sourceTree = "<group>";
		};
		E10002 /* ColorArchive */ = {
			isa = PBXGroup;
			children = (
				B10001 /* ColorArchiveApp.swift */,
				B10002 /* ContentView.swift */,
				E10003 /* Models */,
				E10004 /* Views */,
				E10005 /* ViewModels */,
				E10006 /* Services */,
				E10007 /* Utils */,
				E10010 /* Extensions */,
				E10015 /* Data */,
				B10003 /* Assets.xcassets */,
				B10050 /* Products.storekit */,
				B10051 /* ColorArchive.entitlements */,
				0E370494CA197F7BB4EC23B8 /* SentryBootstrap.swift */,
				B10061 /* AnalyticsBootstrap.swift */,
				79E6AEB1894B29710437596F /* PrivacyInfo.xcprivacy */,
			);
			path = ColorArchive;
			sourceTree = "<group>";
		};
		E10003 /* Models */ = {
			isa = PBXGroup;
			children = (
				B10004 /* ColorRecord.swift */,
				B10007 /* ColorFamily.swift */,
				B10036 /* Palette.swift */,
				B10042 /* ColorCollection.swift */,
			);
			path = Models;
			sourceTree = "<group>";
		};
		E10004 /* Views */ = {
			isa = PBXGroup;
			children = (
				B10008 /* ColorBrowseView.swift */,
				B10009 /* ColorDetailView.swift */,
				B10010 /* ColorSearchView.swift */,
				B10011 /* FavoritesView.swift */,
				B10012 /* ColorCardView.swift */,
				E10011 /* Tools */,
				E10012 /* Profile */,
				E10013 /* Components */,
				E10014 /* Auth */,
				E10016 /* Collections */,
				E10017 /* Pro */,
			);
			path = Views;
			sourceTree = "<group>";
		};
		E10005 /* ViewModels */ = {
			isa = PBXGroup;
			children = (
				B10013 /* ColorStore.swift */,
				B10014 /* FavoritesStore.swift */,
				B10041 /* RecentColorsStore.swift */,
			);
			path = ViewModels;
			sourceTree = "<group>";
		};
		E10006 /* Services */ = {
			isa = PBXGroup;
			children = (
				B10015 /* APIService.swift */,
				B10045 /* AuthStore.swift */,
				B10046 /* StoreManager.swift */,
				B10047 /* ProAccessManager.swift */,
			);
			path = Services;
			sourceTree = "<group>";
		};
		E10007 /* Utils */ = {
			isa = PBXGroup;
			children = (
				B10005 /* ColorGenerator.swift */,
				B10006 /* ColorConvert.swift */,
				B10017 /* ColorRelationships.swift */,
				B10018 /* ColorContrast.swift */,
				B10019 /* ColorBlindSim.swift */,
				B10020 /* ColorMixer.swift */,
				B10021 /* SemanticSearch.swift */,
				B10022 /* ColorOfDay.swift */,
				B10037 /* ExportFormats.swift */,
			);
			path = Utils;
			sourceTree = "<group>";
		};
		E10009 /* Products */ = {
			isa = PBXGroup;
			children = (
				C10001 /* ColorArchive.app */,
			);
			name = Products;
			sourceTree = "<group>";
		};
		E10010 /* Extensions */ = {
			isa = PBXGroup;
			children = (
				B10034 /* SpotlightIndexer.swift */,
			);
			path = Extensions;
			sourceTree = "<group>";
		};
		E10011 /* Tools */ = {
			isa = PBXGroup;
			children = (
				B10023 /* ToolsHomeView.swift */,
				B10024 /* HarmoniesView.swift */,
				B10025 /* ContrastCheckerView.swift */,
				B10026 /* ColorBlindSimView.swift */,
				B10027 /* TintsShadesView.swift */,
				B10028 /* ConverterView.swift */,
				B10029 /* MixerView.swift */,
				B10030 /* GradientBuilderView.swift */,
				B10038 /* PaletteBuilderView.swift */,
				B10039 /* ImagePaletteView.swift */,
				B10040 /* AIMoodPaletteView.swift */,
			);
			path = Tools;
			sourceTree = "<group>";
		};
		E10012 /* Profile */ = {
			isa = PBXGroup;
			children = (
				B10031 /* ProfileView.swift */,
				B10032 /* SettingsView.swift */,
			);
			path = Profile;
			sourceTree = "<group>";
		};
		E10013 /* Components */ = {
			isa = PBXGroup;
			children = (
				B10033 /* ShareSheet.swift */,
			);
			path = Components;
			sourceTree = "<group>";
		};
		E10014 /* Auth */ = {
			isa = PBXGroup;
			children = (
				B10035 /* LoginView.swift */,
			);
			path = Auth;
			sourceTree = "<group>";
		};
		E10015 /* Data */ = {
			isa = PBXGroup;
			children = (
				B10043 /* Collections.swift */,
			);
			path = Data;
			sourceTree = "<group>";
		};
		E10016 /* Collections */ = {
			isa = PBXGroup;
			children = (
				B10044 /* CollectionsView.swift */,
			);
			path = Collections;
			sourceTree = "<group>";
		};
		E10017 /* Pro */ = {
			isa = PBXGroup;
			children = (
				B10048 /* ProPaywallView.swift */,
				B10049 /* ProGateView.swift */,
			);
			path = Pro;
			sourceTree = "<group>";
		};
/* End PBXGroup section */

/* Begin PBXNativeTarget section */
		F10001 /* ColorArchive */ = {
			isa = PBXNativeTarget;
			buildConfigurationList = G10003 /* Build configuration list for PBXNativeTarget "ColorArchive" */;
			buildPhases = (
				D10002 /* Sources */,
				D10001 /* Frameworks */,
				D10003 /* Resources */,
			);
			buildRules = (
			);
			dependencies = (
			);
			name = ColorArchive;
			packageProductDependencies = (
				4EAA6BC8EB85035E8D6932C7 /* Sentry */,
				H10001 /* PostHog */,
			);
			productName = ColorArchive;
			productReference = C10001 /* ColorArchive.app */;
			productType = "com.apple.product-type.application";
		};
/* End PBXNativeTarget section */

/* Begin PBXProject section */
		F10002 /* Project object */ = {
			isa = PBXProject;
			attributes = {
				BuildIndependentTargetsInParallel = 1;
				LastSwiftUpdateCheck = 1600;
				LastUpgradeCheck = 2640;
				TargetAttributes = {
					F10001 = {
						CreatedOnToolsVersion = 16.0;
					};
				};
			};
			buildConfigurationList = G10006 /* Build configuration list for PBXProject "ColorArchive" */;
			compatibilityVersion = "Xcode 14.0";
			developmentRegion = en;
			hasScannedForEncodings = 0;
			knownRegions = (
				en,
				Base,
				zh,
				ja,
			);
			mainGroup = E10001;
			packageReferences = (
				D15F7365829864E9ECE6BE1E /* XCRemoteSwiftPackageReference "sentry-cocoa" */,
				H10002 /* XCRemoteSwiftPackageReference "posthog-ios" */,
			);
			productRefGroup = E10009 /* Products */;
			projectDirPath = "";
			projectRoot = "";
			targets = (
				F10001 /* ColorArchive */,
			);
		};
/* End PBXProject section */

/* Begin PBXResourcesBuildPhase section */
		D10003 /* Resources */ = {
			isa = PBXResourcesBuildPhase;
			buildActionMask = 2147483647;
			files = (
				A10003 /* Assets.xcassets in Resources */,
				A10050 /* Products.storekit in Resources */,
				43F0B733611ED215547FF625 /* PrivacyInfo.xcprivacy in Resources */,
			);
			runOnlyForDeploymentPostprocessing = 0;
		};
/* End PBXResourcesBuildPhase section */

/* Begin PBXSourcesBuildPhase section */
		D10002 /* Sources */ = {
			isa = PBXSourcesBuildPhase;
			buildActionMask = 2147483647;
			files = (
				A10001 /* ColorArchiveApp.swift in Sources */,
				A10002 /* ContentView.swift in Sources */,
				A10004 /* ColorRecord.swift in Sources */,
				A10005 /* ColorGenerator.swift in Sources */,
				A10006 /* ColorConvert.swift in Sources */,
				A10007 /* ColorFamily.swift in Sources */,
				A10008 /* ColorBrowseView.swift in Sources */,
				A10009 /* ColorDetailView.swift in Sources */,
				A10010 /* ColorSearchView.swift in Sources */,
				A10011 /* FavoritesView.swift in Sources */,
				A10012 /* ColorCardView.swift in Sources */,
				A10013 /* ColorStore.swift in Sources */,
				A10014 /* FavoritesStore.swift in Sources */,
				A10015 /* APIService.swift in Sources */,
				A10045 /* AuthStore.swift in Sources */,
				A10017 /* ColorRelationships.swift in Sources */,
				A10018 /* ColorContrast.swift in Sources */,
				A10019 /* ColorBlindSim.swift in Sources */,
				A10020 /* ColorMixer.swift in Sources */,
				A10021 /* SemanticSearch.swift in Sources */,
				A10022 /* ColorOfDay.swift in Sources */,
				A10023 /* ToolsHomeView.swift in Sources */,
				A10024 /* HarmoniesView.swift in Sources */,
				A10025 /* ContrastCheckerView.swift in Sources */,
				A10026 /* ColorBlindSimView.swift in Sources */,
				A10027 /* TintsShadesView.swift in Sources */,
				A10028 /* ConverterView.swift in Sources */,
				A10029 /* MixerView.swift in Sources */,
				A10030 /* GradientBuilderView.swift in Sources */,
				A10031 /* ProfileView.swift in Sources */,
				A10032 /* SettingsView.swift in Sources */,
				A10033 /* ShareSheet.swift in Sources */,
				A10034 /* SpotlightIndexer.swift in Sources */,
				A10035 /* LoginView.swift in Sources */,
				A10036 /* Palette.swift in Sources */,
				A10037 /* ExportFormats.swift in Sources */,
				A10038 /* PaletteBuilderView.swift in Sources */,
				A10039 /* ImagePaletteView.swift in Sources */,
				A10040 /* AIMoodPaletteView.swift in Sources */,
				A10041 /* RecentColorsStore.swift in Sources */,
				A10042 /* ColorCollection.swift in Sources */,
				A10043 /* Collections.swift in Sources */,
				A10044 /* CollectionsView.swift in Sources */,
				A10046 /* StoreManager.swift in Sources */,
				A10047 /* ProAccessManager.swift in Sources */,
				A10048 /* ProPaywallView.swift in Sources */,
				A10049 /* ProGateView.swift in Sources */,
				2BEEEA700D4BD83A7BC3B4AC /* SentryBootstrap.swift in Sources */,
				A10061 /* AnalyticsBootstrap.swift in Sources */,
			);
			runOnlyForDeploymentPostprocessing = 0;
		};
/* End PBXSourcesBuildPhase section */

/* Begin XCBuildConfiguration section */
		G10001 /* Debug */ = {
			isa = XCBuildConfiguration;
			buildSettings = {
				ASSETCATALOG_COMPILER_APPICON_NAME = AppIcon;
				ASSETCATALOG_COMPILER_GLOBAL_ACCENT_COLOR_NAME = AccentColor;
				CODE_SIGN_ENTITLEMENTS = ColorArchive/ColorArchive.entitlements;
				CODE_SIGN_STYLE = Automatic;
				CURRENT_PROJECT_VERSION = 4;
				DEVELOPMENT_ASSET_PATHS = "\"ColorArchive/Preview Content\"";
				ENABLE_PREVIEWS = YES;
				GENERATE_INFOPLIST_FILE = YES;
				INFOPLIST_FILE = ColorArchive/Info.plist;
				INFOPLIST_KEY_CFBundleDisplayName = ColorArchive;
				INFOPLIST_KEY_LSApplicationCategoryType = "public.app-category.graphics-design";
				INFOPLIST_KEY_SentryDSN = "https://9a2d2b4b13dc8c97441492952b86689d@o4511263220891648.ingest.us.sentry.io/4511513693716480";
				INFOPLIST_KEY_PostHogAPIKey = "phc_mRWL5VHwuZuj4jS8djbqmzjnNLiD8ychwudvShqkByKY";
				INFOPLIST_KEY_PostHogHost = "https://us.i.posthog.com";
				INFOPLIST_KEY_UIApplicationSceneManifest_Generation = YES;
				INFOPLIST_KEY_UIApplicationSupportsIndirectInputEvents = YES;
				INFOPLIST_KEY_UILaunchScreen_Generation = YES;
				INFOPLIST_KEY_UISupportedInterfaceOrientations_iPad = "UIInterfaceOrientationPortrait UIInterfaceOrientationPortraitUpsideDown UIInterfaceOrientationLandscapeLeft UIInterfaceOrientationLandscapeRight";
				INFOPLIST_KEY_UISupportedInterfaceOrientations_iPhone = "UIInterfaceOrientationPortrait UIInterfaceOrientationLandscapeLeft UIInterfaceOrientationLandscapeRight";
				LD_RUNPATH_SEARCH_PATHS = (
					"$(inherited)",
					"@executable_path/Frameworks",
				);
				MARKETING_VERSION = 1.2;
				PRODUCT_BUNDLE_IDENTIFIER = me.colorarchive.app;
				PRODUCT_NAME = "$(TARGET_NAME)";
				SUPPORTED_PLATFORMS = "iphoneos iphonesimulator macosx";
				SUPPORTS_MACCATALYST = NO;
				SUPPORTS_MAC_DESIGNED_FOR_IPHONE_IPAD = NO;
				SWIFT_EMIT_LOC_STRINGS = YES;
				SWIFT_VERSION = 5.0;
				TARGETED_DEVICE_FAMILY = "1,2";
			};
			name = Debug;
		};
		G10002 /* Release */ = {
			isa = XCBuildConfiguration;
			buildSettings = {
				ASSETCATALOG_COMPILER_APPICON_NAME = AppIcon;
				ASSETCATALOG_COMPILER_GLOBAL_ACCENT_COLOR_NAME = AccentColor;
				CODE_SIGN_ENTITLEMENTS = ColorArchive/ColorArchive.entitlements;
				CODE_SIGN_STYLE = Automatic;
				CURRENT_PROJECT_VERSION = 4;
				DEVELOPMENT_ASSET_PATHS = "\"ColorArchive/Preview Content\"";
				ENABLE_PREVIEWS = YES;
				GENERATE_INFOPLIST_FILE = YES;
				INFOPLIST_FILE = ColorArchive/Info.plist;
				INFOPLIST_KEY_CFBundleDisplayName = ColorArchive;
				INFOPLIST_KEY_LSApplicationCategoryType = "public.app-category.graphics-design";
				INFOPLIST_KEY_SentryDSN = "https://9a2d2b4b13dc8c97441492952b86689d@o4511263220891648.ingest.us.sentry.io/4511513693716480";
				INFOPLIST_KEY_PostHogAPIKey = "phc_mRWL5VHwuZuj4jS8djbqmzjnNLiD8ychwudvShqkByKY";
				INFOPLIST_KEY_PostHogHost = "https://us.i.posthog.com";
				INFOPLIST_KEY_UIApplicationSceneManifest_Generation = YES;
				INFOPLIST_KEY_UIApplicationSupportsIndirectInputEvents = YES;
				INFOPLIST_KEY_UILaunchScreen_Generation = YES;
				INFOPLIST_KEY_UISupportedInterfaceOrientations_iPad = "UIInterfaceOrientationPortrait UIInterfaceOrientationPortraitUpsideDown UIInterfaceOrientationLandscapeLeft UIInterfaceOrientationLandscapeRight";
				INFOPLIST_KEY_UISupportedInterfaceOrientations_iPhone = "UIInterfaceOrientationPortrait UIInterfaceOrientationLandscapeLeft UIInterfaceOrientationLandscapeRight";
				LD_RUNPATH_SEARCH_PATHS = (
					"$(inherited)",
					"@executable_path/Frameworks",
				);
				MARKETING_VERSION = 1.2;
				PRODUCT_BUNDLE_IDENTIFIER = me.colorarchive.app;
				PRODUCT_NAME = "$(TARGET_NAME)";
				SUPPORTED_PLATFORMS = "iphoneos iphonesimulator macosx";
				SUPPORTS_MACCATALYST = NO;
				SUPPORTS_MAC_DESIGNED_FOR_IPHONE_IPAD = NO;
				SWIFT_EMIT_LOC_STRINGS = YES;
				SWIFT_VERSION = 5.0;
				TARGETED_DEVICE_FAMILY = "1,2";
			};
			name = Release;
		};
		G10004 /* Debug */ = {
			isa = XCBuildConfiguration;
			buildSettings = {
				ALWAYS_SEARCH_USER_PATHS = NO;
				ASSETCATALOG_COMPILER_GENERATE_SWIFT_ASSET_SYMBOL_EXTENSIONS = YES;
				CLANG_ANALYZER_LOCALIZABILITY_NONLOCALIZED = YES;
				CLANG_ANALYZER_NONNULL = YES;
				CLANG_ANALYZER_NUMBER_OBJECT_CONVERSION = YES_AGGRESSIVE;
				CLANG_CXX_LANGUAGE_STANDARD = "gnu++20";
				CLANG_ENABLE_MODULES = YES;
				CLANG_ENABLE_OBJC_ARC = YES;
				CLANG_ENABLE_OBJC_WEAK = YES;
				CLANG_WARN_BLOCK_CAPTURE_AUTORELEASING = YES;
				CLANG_WARN_BOOL_CONVERSION = YES;
				CLANG_WARN_COMMA = YES;
				CLANG_WARN_CONSTANT_CONVERSION = YES;
				CLANG_WARN_DEPRECATED_OBJC_IMPLEMENTATIONS = YES;
				CLANG_WARN_DIRECT_OBJC_ISA_USAGE = YES_ERROR;
				CLANG_WARN_DOCUMENTATION_COMMENTS = YES;
				CLANG_WARN_EMPTY_BODY = YES;
				CLANG_WARN_ENUM_CONVERSION = YES;
				CLANG_WARN_INFINITE_RECURSION = YES;
				CLANG_WARN_INT_CONVERSION = YES;
				CLANG_WARN_NON_LITERAL_NULL_CONVERSION = YES;
				CLANG_WARN_OBJC_IMPLICIT_RETAIN_SELF = YES;
				CLANG_WARN_OBJC_LITERAL_CONVERSION = YES;
				CLANG_WARN_OBJC_ROOT_CLASS = YES_ERROR;
				CLANG_WARN_QUOTED_INCLUDE_IN_FRAMEWORK_HEADER = YES;
				CLANG_WARN_RANGE_LOOP_ANALYSIS = YES;
				CLANG_WARN_STRICT_PROTOTYPES = YES;
				CLANG_WARN_SUSPICIOUS_MOVE = YES;
				CLANG_WARN_UNGUARDED_AVAILABILITY = YES_AGGRESSIVE;
				CLANG_WARN_UNREACHABLE_CODE = YES;
				CLANG_WARN__DUPLICATE_METHOD_MATCH = YES;
				COPY_PHASE_STRIP = NO;
				DEBUG_INFORMATION_FORMAT = dwarf;
				DEVELOPMENT_TEAM = KHMK6Q3L3K;
				ENABLE_STRICT_OBJC_MSGSEND = YES;
				ENABLE_TESTABILITY = YES;
				ENABLE_USER_SCRIPT_SANDBOXING = YES;
				GCC_C_LANGUAGE_STANDARD = gnu17;
				GCC_DYNAMIC_NO_PIC = NO;
				GCC_NO_COMMON_BLOCKS = YES;
				GCC_OPTIMIZATION_LEVEL = 0;
				GCC_PREPROCESSOR_DEFINITIONS = (
					"DEBUG=1",
					"$(inherited)",
				);
				GCC_WARN_64_TO_32_BIT_CONVERSION = YES;
				GCC_WARN_ABOUT_RETURN_TYPE = YES_ERROR;
				GCC_WARN_UNDECLARED_SELECTOR = YES;
				GCC_WARN_UNINITIALIZED_AUTOS = YES_AGGRESSIVE;
				GCC_WARN_UNUSED_FUNCTION = YES;
				GCC_WARN_UNUSED_VARIABLE = YES;
				IPHONEOS_DEPLOYMENT_TARGET = 17.0;
				MACOSX_DEPLOYMENT_TARGET = 14.0;
				MTL_ENABLE_DEBUG_INFO = INCLUDE_SOURCE;
				MTL_FAST_MATH = YES;
				ONLY_ACTIVE_ARCH = YES;
				SDKROOT = iphoneos;
				STRING_CATALOG_GENERATE_SYMBOLS = YES;
				SWIFT_ACTIVE_COMPILATION_CONDITIONS = "$(inherited) DEBUG";
				SWIFT_OPTIMIZATION_LEVEL = "-Onone";
			};
			name = Debug;
		};
		G10005 /* Release */ = {
			isa = XCBuildConfiguration;
			buildSettings = {
				ALWAYS_SEARCH_USER_PATHS = NO;
				ASSETCATALOG_COMPILER_GENERATE_SWIFT_ASSET_SYMBOL_EXTENSIONS = YES;
				CLANG_ANALYZER_LOCALIZABILITY_NONLOCALIZED = YES;
				CLANG_ANALYZER_NONNULL = YES;
				CLANG_ANALYZER_NUMBER_OBJECT_CONVERSION = YES_AGGRESSIVE;
				CLANG_CXX_LANGUAGE_STANDARD = "gnu++20";
				CLANG_ENABLE_MODULES = YES;
				CLANG_ENABLE_OBJC_ARC = YES;
				CLANG_ENABLE_OBJC_WEAK = YES;
				CLANG_WARN_BLOCK_CAPTURE_AUTORELEASING = YES;
				CLANG_WARN_BOOL_CONVERSION = YES;
				CLANG_WARN_COMMA = YES;
				CLANG_WARN_CONSTANT_CONVERSION = YES;
				CLANG_WARN_DEPRECATED_OBJC_IMPLEMENTATIONS = YES;
				CLANG_WARN_DIRECT_OBJC_ISA_USAGE = YES_ERROR;
				CLANG_WARN_DOCUMENTATION_COMMENTS = YES;
				CLANG_WARN_EMPTY_BODY = YES;
				CLANG_WARN_ENUM_CONVERSION = YES;
				CLANG_WARN_INFINITE_RECURSION = YES;
				CLANG_WARN_INT_CONVERSION = YES;
				CLANG_WARN_NON_LITERAL_NULL_CONVERSION = YES;
				CLANG_WARN_OBJC_IMPLICIT_RETAIN_SELF = YES;
				CLANG_WARN_OBJC_LITERAL_CONVERSION = YES;
				CLANG_WARN_OBJC_ROOT_CLASS = YES_ERROR;
				CLANG_WARN_QUOTED_INCLUDE_IN_FRAMEWORK_HEADER = YES;
				CLANG_WARN_RANGE_LOOP_ANALYSIS = YES;
				CLANG_WARN_STRICT_PROTOTYPES = YES;
				CLANG_WARN_SUSPICIOUS_MOVE = YES;
				CLANG_WARN_UNGUARDED_AVAILABILITY = YES_AGGRESSIVE;
				CLANG_WARN_UNREACHABLE_CODE = YES;
				CLANG_WARN__DUPLICATE_METHOD_MATCH = YES;
				COPY_PHASE_STRIP = NO;
				DEBUG_INFORMATION_FORMAT = "dwarf-with-dsym";
				DEVELOPMENT_TEAM = KHMK6Q3L3K;
				ENABLE_NS_ASSERTIONS = NO;
				ENABLE_STRICT_OBJC_MSGSEND = YES;
				ENABLE_USER_SCRIPT_SANDBOXING = YES;
				GCC_C_LANGUAGE_STANDARD = gnu17;
				GCC_NO_COMMON_BLOCKS = YES;
				GCC_WARN_64_TO_32_BIT_CONVERSION = YES;
				GCC_WARN_ABOUT_RETURN_TYPE = YES_ERROR;
				GCC_WARN_UNDECLARED_SELECTOR = YES;
				GCC_WARN_UNINITIALIZED_AUTOS = YES_AGGRESSIVE;
				GCC_WARN_UNUSED_FUNCTION = YES;
				GCC_WARN_UNUSED_VARIABLE = YES;
				IPHONEOS_DEPLOYMENT_TARGET = 17.0;
				MACOSX_DEPLOYMENT_TARGET = 14.0;
				MTL_ENABLE_DEBUG_INFO = NO;
				MTL_FAST_MATH = YES;
				SDKROOT = iphoneos;
				STRING_CATALOG_GENERATE_SYMBOLS = YES;
				SWIFT_COMPILATION_MODE = wholemodule;
				VALIDATE_PRODUCT = YES;
			};
			name = Release;
		};
/* End XCBuildConfiguration section */

/* Begin XCConfigurationList section */
		G10003 /* Build configuration list for PBXNativeTarget "ColorArchive" */ = {
			isa = XCConfigurationList;
			buildConfigurations = (
				G10001 /* Debug */,
				G10002 /* Release */,
			);
			defaultConfigurationIsVisible = 0;
			defaultConfigurationName = Release;
		};
		G10006 /* Build configuration list for PBXProject "ColorArchive" */ = {
			isa = XCConfigurationList;
			buildConfigurations = (
				G10004 /* Debug */,
				G10005 /* Release */,
			);
			defaultConfigurationIsVisible = 0;
			defaultConfigurationName = Release;
		};
/* End XCConfigurationList section */

/* Begin XCRemoteSwiftPackageReference section */
		D15F7365829864E9ECE6BE1E /* XCRemoteSwiftPackageReference "sentry-cocoa" */ = {
			isa = XCRemoteSwiftPackageReference;
			repositoryURL = "https://github.com/getsentry/sentry-cocoa";
			requirement = {
				kind = upToNextMajorVersion;
				minimumVersion = 8.45.0;
			};
		};
		H10002 /* XCRemoteSwiftPackageReference "posthog-ios" */ = {
			isa = XCRemoteSwiftPackageReference;
			repositoryURL = "https://github.com/PostHog/posthog-ios";
			requirement = {
				kind = upToNextMajorVersion;
				minimumVersion = 3.0.0;
			};
		};
/* End XCRemoteSwiftPackageReference section */

/* Begin XCSwiftPackageProductDependency section */
		4EAA6BC8EB85035E8D6932C7 /* Sentry */ = {
			isa = XCSwiftPackageProductDependency;
			package = D15F7365829864E9ECE6BE1E /* XCRemoteSwiftPackageReference "sentry-cocoa" */;
			productName = Sentry;
		};
		H10001 /* PostHog */ = {
			isa = XCSwiftPackageProductDependency;
			package = H10002 /* XCRemoteSwiftPackageReference "posthog-ios" */;
			productName = PostHog;
		};
/* End XCSwiftPackageProductDependency section */
	};
	rootObject = F10002 /* Project object */;
}
